
Microsoft Visual Studio Solution File, Format Version 12.00
# Visual Studio Version 16
VisualStudioVersion = 16.0.31005.135
MinimumVisualStudioVersion = 10.0.40219.1
Project("{FAE04EC0-301F-11D3-BF4B-00C04F79EFBC}") = "ProyectoFinal", "ProyectoFinal.csproj", "{FA101037-9517-430C-A76C-A8371DB753B5}"
EndProject
Global
	GlobalSection(SolutionConfigurationPlatforms) = preSolution
		Debug|Any CPU = Debug|Any CPU
		Release|Any CPU = Release|Any CPU
	EndGlobalSection
	GlobalSection(ProjectConfigurationPlatforms) = postSolution
		{FA101037-9517-430C-A76C-A8371DB753B5}.Debug|Any CPU.ActiveCfg = Debug|Any CPU
		{FA101037-9517-430C-A76C-A8371DB753B5}.Debug|Any CPU.Build.0 = Debug|Any CPU
		{FA101037-9517-430C-A76C-A8371DB753B5}.Release|Any CPU.ActiveCfg = Release|Any CPU
		{FA101037-9517-430C-A76C-A8371DB753B5}.Release|Any CPU.Build.0 = Release|Any CPU
	EndGlobalSection
	GlobalSection(SolutionProperties) = preSolution
		HideSolutionNode = FALSE
	EndGlobalSection
	GlobalSection(ExtensibilityGlobals) = postSolution
		SolutionGuid = {B648F63C-6FF2-44B6-9163-1AE7B003FDD6}
	EndGlobalSection
EndGlobal
