
Microsoft Visual Studio Solution File, Format Version 12.00
# Visual Studio Version 16
VisualStudioVersion = 16.0.30621.155
MinimumVisualStudioVersion = 10.0.40219.1
Project("{FAE04EC0-301F-11D3-BF4B-00C04F79EFBC}") = "009_Conversor-numerico", "009_Conversor-numerico.csproj", "{7DCA5C9D-844B-4820-B873-2C821347FE4C}"
EndProject
Global
	GlobalSection(SolutionConfigurationPlatforms) = preSolution
		Debug|Any CPU = Debug|Any CPU
		Release|Any CPU = Release|Any CPU
	EndGlobalSection
	GlobalSection(ProjectConfigurationPlatforms) = postSolution
		{7DCA5C9D-844B-4820-B873-2C821347FE4C}.Debug|Any CPU.ActiveCfg = Debug|Any CPU
		{7DCA5C9D-844B-4820-B873-2C821347FE4C}.Debug|Any CPU.Build.0 = Debug|Any CPU
		{7DCA5C9D-844B-4820-B873-2C821347FE4C}.Release|Any CPU.ActiveCfg = Release|Any CPU
		{7DCA5C9D-844B-4820-B873-2C821347FE4C}.Release|Any CPU.Build.0 = Release|Any CPU
	EndGlobalSection
	GlobalSection(SolutionProperties) = preSolution
		HideSolutionNode = FALSE
	EndGlobalSection
	GlobalSection(ExtensibilityGlobals) = postSolution
		SolutionGuid = {4B791E70-E575-4F7E-8687-37DD0D9F6749}
	EndGlobalSection
EndGlobal
