
Microsoft Visual Studio Solution File, Format Version 12.00
# Visual Studio Version 16
VisualStudioVersion = 16.0.30517.126
MinimumVisualStudioVersion = 10.0.40219.1
Project("{FAE04EC0-301F-11D3-BF4B-00C04F79EFBC}") = "001_First-project", "001_First-project.csproj", "{7EF73038-A687-429A-B3C1-47D20A71EA95}"
EndProject
Global
	GlobalSection(SolutionConfigurationPlatforms) = preSolution
		Debug|Any CPU = Debug|Any CPU
		Release|Any CPU = Release|Any CPU
	EndGlobalSection
	GlobalSection(ProjectConfigurationPlatforms) = postSolution
		{7EF73038-A687-429A-B3C1-47D20A71EA95}.Debug|Any CPU.ActiveCfg = Debug|Any CPU
		{7EF73038-A687-429A-B3C1-47D20A71EA95}.Debug|Any CPU.Build.0 = Debug|Any CPU
		{7EF73038-A687-429A-B3C1-47D20A71EA95}.Release|Any CPU.ActiveCfg = Release|Any CPU
		{7EF73038-A687-429A-B3C1-47D20A71EA95}.Release|Any CPU.Build.0 = Release|Any CPU
	EndGlobalSection
	GlobalSection(SolutionProperties) = preSolution
		HideSolutionNode = FALSE
	EndGlobalSection
	GlobalSection(ExtensibilityGlobals) = postSolution
		SolutionGuid = {E60B4B92-2944-4571-9F71-66D20539CCCF}
	EndGlobalSection
EndGlobal
