
Microsoft Visual Studio Solution File, Format Version 12.00
# Visual Studio Version 16
VisualStudioVersion = 16.0.30717.126
MinimumVisualStudioVersion = 10.0.40219.1
Project("{FAE04EC0-301F-11D3-BF4B-00C04F79EFBC}") = "015_Notepad--", "015_Notepad--.csproj", "{1A473094-96C9-4767-B9C3-6DAFA1CBBDA9}"
EndProject
Global
	GlobalSection(SolutionConfigurationPlatforms) = preSolution
		Debug|Any CPU = Debug|Any CPU
		Release|Any CPU = Release|Any CPU
	EndGlobalSection
	GlobalSection(ProjectConfigurationPlatforms) = postSolution
		{1A473094-96C9-4767-B9C3-6DAFA1CBBDA9}.Debug|Any CPU.ActiveCfg = Debug|Any CPU
		{1A473094-96C9-4767-B9C3-6DAFA1CBBDA9}.Debug|Any CPU.Build.0 = Debug|Any CPU
		{1A473094-96C9-4767-B9C3-6DAFA1CBBDA9}.Release|Any CPU.ActiveCfg = Release|Any CPU
		{1A473094-96C9-4767-B9C3-6DAFA1CBBDA9}.Release|Any CPU.Build.0 = Release|Any CPU
	EndGlobalSection
	GlobalSection(SolutionProperties) = preSolution
		HideSolutionNode = FALSE
	EndGlobalSection
	GlobalSection(ExtensibilityGlobals) = postSolution
		SolutionGuid = {BED5A49F-7DAB-4A21-BEF5-F53C7F9379FA}
	EndGlobalSection
EndGlobal
