
Microsoft Visual Studio Solution File, Format Version 12.00
# Visual Studio Version 16
VisualStudioVersion = 16.0.30523.141
MinimumVisualStudioVersion = 10.0.40219.1
Project("{FAE04EC0-301F-11D3-BF4B-00C04F79EFBC}") = "002_Ejercicio-factorial", "002_Ejercicio-factorial.csproj", "{64CDE627-D5C0-4C2D-8655-33401D05CAB2}"
EndProject
Global
	GlobalSection(SolutionConfigurationPlatforms) = preSolution
		Debug|Any CPU = Debug|Any CPU
		Release|Any CPU = Release|Any CPU
	EndGlobalSection
	GlobalSection(ProjectConfigurationPlatforms) = postSolution
		{64CDE627-D5C0-4C2D-8655-33401D05CAB2}.Debug|Any CPU.ActiveCfg = Debug|Any CPU
		{64CDE627-D5C0-4C2D-8655-33401D05CAB2}.Debug|Any CPU.Build.0 = Debug|Any CPU
		{64CDE627-D5C0-4C2D-8655-33401D05CAB2}.Release|Any CPU.ActiveCfg = Release|Any CPU
		{64CDE627-D5C0-4C2D-8655-33401D05CAB2}.Release|Any CPU.Build.0 = Release|Any CPU
	EndGlobalSection
	GlobalSection(SolutionProperties) = preSolution
		HideSolutionNode = FALSE
	EndGlobalSection
	GlobalSection(ExtensibilityGlobals) = postSolution
		SolutionGuid = {69E5C5CB-8B4D-49EA-A69B-CE3F3AAA10AF}
	EndGlobalSection
EndGlobal
