
Microsoft Visual Studio Solution File, Format Version 12.00
# Visual Studio Version 16
VisualStudioVersion = 16.0.30523.141
MinimumVisualStudioVersion = 10.0.40219.1
Project("{FAE04EC0-301F-11D3-BF4B-00C04F79EFBC}") = "005_functions", "005_functions.csproj", "{4CD8DDCD-B0CA-4551-8E6A-D95867593D91}"
EndProject
Global
	GlobalSection(SolutionConfigurationPlatforms) = preSolution
		Debug|Any CPU = Debug|Any CPU
		Release|Any CPU = Release|Any CPU
	EndGlobalSection
	GlobalSection(ProjectConfigurationPlatforms) = postSolution
		{4CD8DDCD-B0CA-4551-8E6A-D95867593D91}.Debug|Any CPU.ActiveCfg = Debug|Any CPU
		{4CD8DDCD-B0CA-4551-8E6A-D95867593D91}.Debug|Any CPU.Build.0 = Debug|Any CPU
		{4CD8DDCD-B0CA-4551-8E6A-D95867593D91}.Release|Any CPU.ActiveCfg = Release|Any CPU
		{4CD8DDCD-B0CA-4551-8E6A-D95867593D91}.Release|Any CPU.Build.0 = Release|Any CPU
	EndGlobalSection
	GlobalSection(SolutionProperties) = preSolution
		HideSolutionNode = FALSE
	EndGlobalSection
	GlobalSection(ExtensibilityGlobals) = postSolution
		SolutionGuid = {B7DB33CD-FD46-4B5A-A3A8-08EAAD9A260C}
	EndGlobalSection
EndGlobal
