
Microsoft Visual Studio Solution File, Format Version 12.00
# Visual Studio Version 16
VisualStudioVersion = 16.0.30907.101
MinimumVisualStudioVersion = 10.0.40219.1
Project("{FAE04EC0-301F-11D3-BF4B-00C04F79EFBC}") = "022_Login", "022_Login.csproj", "{E819977B-B7A7-48E3-819D-5182984E9371}"
EndProject
Global
	GlobalSection(SolutionConfigurationPlatforms) = preSolution
		Debug|Any CPU = Debug|Any CPU
		Release|Any CPU = Release|Any CPU
	EndGlobalSection
	GlobalSection(ProjectConfigurationPlatforms) = postSolution
		{E819977B-B7A7-48E3-819D-5182984E9371}.Debug|Any CPU.ActiveCfg = Debug|Any CPU
		{E819977B-B7A7-48E3-819D-5182984E9371}.Debug|Any CPU.Build.0 = Debug|Any CPU
		{E819977B-B7A7-48E3-819D-5182984E9371}.Release|Any CPU.ActiveCfg = Release|Any CPU
		{E819977B-B7A7-48E3-819D-5182984E9371}.Release|Any CPU.Build.0 = Release|Any CPU
	EndGlobalSection
	GlobalSection(SolutionProperties) = preSolution
		HideSolutionNode = FALSE
	EndGlobalSection
	GlobalSection(ExtensibilityGlobals) = postSolution
		SolutionGuid = {C5BE1B1E-B1DD-4C6C-A42D-22B39D534787}
	EndGlobalSection
EndGlobal
