
Microsoft Visual Studio Solution File, Format Version 12.00
# Visual Studio Version 16
VisualStudioVersion = 16.0.30907.101
MinimumVisualStudioVersion = 10.0.40219.1
Project("{FAE04EC0-301F-11D3-BF4B-00C04F79EFBC}") = "019_LecturaXML", "019_LecturaXML.csproj", "{1773EDA1-8067-493F-9B78-427BFE995046}"
EndProject
Global
	GlobalSection(SolutionConfigurationPlatforms) = preSolution
		Debug|Any CPU = Debug|Any CPU
		Release|Any CPU = Release|Any CPU
	EndGlobalSection
	GlobalSection(ProjectConfigurationPlatforms) = postSolution
		{1773EDA1-8067-493F-9B78-427BFE995046}.Debug|Any CPU.ActiveCfg = Debug|Any CPU
		{1773EDA1-8067-493F-9B78-427BFE995046}.Debug|Any CPU.Build.0 = Debug|Any CPU
		{1773EDA1-8067-493F-9B78-427BFE995046}.Release|Any CPU.ActiveCfg = Release|Any CPU
		{1773EDA1-8067-493F-9B78-427BFE995046}.Release|Any CPU.Build.0 = Release|Any CPU
	EndGlobalSection
	GlobalSection(SolutionProperties) = preSolution
		HideSolutionNode = FALSE
	EndGlobalSection
	GlobalSection(ExtensibilityGlobals) = postSolution
		SolutionGuid = {F4910019-91FC-4123-B59D-7EF29C9CE193}
	EndGlobalSection
EndGlobal
