
Microsoft Visual Studio Solution File, Format Version 12.00
# Visual Studio Version 16
VisualStudioVersion = 16.0.30523.141
MinimumVisualStudioVersion = 10.0.40219.1
Project("{FAE04EC0-301F-11D3-BF4B-00C04F79EFBC}") = "008_WindowsFormIntroduction", "008_WindowsFormIntroduction.csproj", "{79D258A5-6E4C-4690-9A10-7EC565A999DB}"
EndProject
Global
	GlobalSection(SolutionConfigurationPlatforms) = preSolution
		Debug|Any CPU = Debug|Any CPU
		Release|Any CPU = Release|Any CPU
	EndGlobalSection
	GlobalSection(ProjectConfigurationPlatforms) = postSolution
		{79D258A5-6E4C-4690-9A10-7EC565A999DB}.Debug|Any CPU.ActiveCfg = Debug|Any CPU
		{79D258A5-6E4C-4690-9A10-7EC565A999DB}.Debug|Any CPU.Build.0 = Debug|Any CPU
		{79D258A5-6E4C-4690-9A10-7EC565A999DB}.Release|Any CPU.ActiveCfg = Release|Any CPU
		{79D258A5-6E4C-4690-9A10-7EC565A999DB}.Release|Any CPU.Build.0 = Release|Any CPU
	EndGlobalSection
	GlobalSection(SolutionProperties) = preSolution
		HideSolutionNode = FALSE
	EndGlobalSection
	GlobalSection(ExtensibilityGlobals) = postSolution
		SolutionGuid = {5C006DA7-068F-4199-B285-00FF6AC1FD35}
	EndGlobalSection
EndGlobal
